
Microsoft Visual Studio Solution File, Format Version 12.00
# Visual Studio Version 17
VisualStudioVersion = 17.9.34616.47
MinimumVisualStudioVersion = 10.0.40219.1
Project("{FAE04EC0-301F-11D3-BF4B-00C04F79EFBC}") = "WpfApp3", "WpfApp3\WpfApp3.csproj", "{200C811D-1F88-4D7F-B5C5-533C0B319B38}"
EndProject
Global
	GlobalSection(SolutionConfigurationPlatforms) = preSolution
		Debug|Any CPU = Debug|Any CPU
		Release|Any CPU = Release|Any CPU
	EndGlobalSection
	GlobalSection(ProjectConfigurationPlatforms) = postSolution
		{200C811D-1F88-4D7F-B5C5-533C0B319B38}.Debug|Any CPU.ActiveCfg = Debug|Any CPU
		{200C811D-1F88-4D7F-B5C5-533C0B319B38}.Debug|Any CPU.Build.0 = Debug|Any CPU
		{200C811D-1F88-4D7F-B5C5-533C0B319B38}.Release|Any CPU.ActiveCfg = Release|Any CPU
		{200C811D-1F88-4D7F-B5C5-533C0B319B38}.Release|Any CPU.Build.0 = Release|Any CPU
	EndGlobalSection
	GlobalSection(SolutionProperties) = preSolution
		HideSolutionNode = FALSE
	EndGlobalSection
	GlobalSection(ExtensibilityGlobals) = postSolution
		SolutionGuid = {CAE97758-5731-4C49-93A1-4BA5E871B88C}
	EndGlobalSection
EndGlobal
